
Microsoft Visual Studio Solution File, Format Version 12.00
# Visual Studio Version 17
VisualStudioVersion = 17.5.002.0
MinimumVisualStudioVersion = 10.0.40219.1
Project("{9A19103F-16F7-4668-BE54-9A1E7A4F7556}") = "TelephoneAPI", "TelephoneAPI.csproj", "{F1368F33-178E-43AC-B225-D3EE3A94A3F5}"
EndProject
Global
	GlobalSection(SolutionConfigurationPlatforms) = preSolution
		Debug|Any CPU = Debug|Any CPU
		Release|Any CPU = Release|Any CPU
	EndGlobalSection
	GlobalSection(ProjectConfigurationPlatforms) = postSolution
		{F1368F33-178E-43AC-B225-D3EE3A94A3F5}.Debug|Any CPU.ActiveCfg = Debug|Any CPU
		{F1368F33-178E-43AC-B225-D3EE3A94A3F5}.Debug|Any CPU.Build.0 = Debug|Any CPU
		{F1368F33-178E-43AC-B225-D3EE3A94A3F5}.Release|Any CPU.ActiveCfg = Release|Any CPU
		{F1368F33-178E-43AC-B225-D3EE3A94A3F5}.Release|Any CPU.Build.0 = Release|Any CPU
	EndGlobalSection
	GlobalSection(SolutionProperties) = preSolution
		HideSolutionNode = FALSE
	EndGlobalSection
	GlobalSection(ExtensibilityGlobals) = postSolution
		SolutionGuid = {331B8C2F-A612-4E7B-94DB-79BF38851F96}
	EndGlobalSection
EndGlobal
